{
  "nodes": {
    "crane": {
      "inputs": {
        "nixpkgs": "nixpkgs"
      },
      "locked": {
        "lastModified": 1712681629,
        "narHash": "sha256-bMDXn4AkTXLCpoZbII6pDGoSeSe9gI87jxPsHRXgu/E=",
        "owner": "ipetkov",
        "repo": "crane",
        "rev": "220387ac8e99cbee0ca4c95b621c4bc782b6a235",
        "type": "github"
      },
      "original": {
        "owner": "ipetkov",
        "repo": "crane",
        "type": "github"
      }
    },
    "fenix": {
      "inputs": {
        "nixpkgs": "nixpkgs_2",
        "rust-analyzer-src": "rust-analyzer-src"
      },
      "locked": {
        "lastModified": 1713081423,
        "narHash": "sha256-ZIWbIbbNsJoOdd/8a0uvT6Mn7s9x7noF9Bz8VEesc4Q=",
        "owner": "nix-community",
        "repo": "fenix",
        "rev": "3a25d7927aa54299ef734b0d010c785857231183",
        "type": "github"
      },
      "original": {
        "owner": "nix-community",
        "repo": "fenix",
        "type": "github"
      }
    },
    "flake-utils": {
      "inputs": {
        "systems": "systems"
      },
      "locked": {
        "lastModified": 1710146030,
        "narHash": "sha256-SZ5L6eA7HJ/nmkzGG7/ISclqe6oZdOZTNoesiInkXPQ=",
        "owner": "numtide",
        "repo": "flake-utils",
        "rev": "b1d9ab70662946ef0850d488da1c9019f3a9752a",
        "type": "github"
      },
      "original": {
        "owner": "numtide",
        "repo": "flake-utils",
        "type": "github"
      }
    },
    "nixpkgs": {
      "locked": {
        "lastModified": 1712026416,
        "narHash": "sha256-N/3VR/9e1NlN49p7kCiATiEY6Tzdo+CbrAG8kqCQKcI=",
        "owner": "NixOS",
        "repo": "nixpkgs",
        "rev": "080a4a27f206d07724b88da096e27ef63401a504",
        "type": "github"
      },
      "original": {
        "owner": "NixOS",
        "ref": "nixpkgs-unstable",
        "repo": "nixpkgs",
        "type": "github"
      }
    },
    "nixpkgs_2": {
      "locked": {
        "lastModified": 1712791164,
        "narHash": "sha256-3sbWO1mbpWsLepZGbWaMovSO7ndZeFqDSdX0hZ9nVyw=",
        "owner": "nixos",
        "repo": "nixpkgs",
        "rev": "1042fd8b148a9105f3c0aca3a6177fd1d9360ba5",
        "type": "github"
      },
      "original": {
        "owner": "nixos",
        "ref": "nixos-unstable",
        "repo": "nixpkgs",
        "type": "github"
      }
    },
    "nixpkgs_3": {
      "locked": {
        "lastModified": 1712883908,
        "narHash": "sha256-icE1IJE9fHcbDfJ0+qWoDdcBXUoZCcIJxME4lMHwvSM=",
        "owner": "NixOS",
        "repo": "nixpkgs",
        "rev": "a0c9e3aee1000ac2bfb0e5b98c94c946a5d180a9",
        "type": "github"
      },
      "original": {
        "owner": "NixOS",
        "ref": "nixpkgs-unstable",
        "repo": "nixpkgs",
        "type": "github"
      }
    },
    "root": {
      "inputs": {
        "crane": "crane",
        "fenix": "fenix",
        "flake-utils": "flake-utils",
        "nixpkgs": "nixpkgs_3"
      }
    },
    "rust-analyzer-src": {
      "flake": false,
      "locked": {
        "lastModified": 1713048903,
        "narHash": "sha256-Yw/V2S+yRkCgDOBgKbdD00m2voAc+UIrTx2Xqcry3Ns=",
        "owner": "rust-lang",
        "repo": "rust-analyzer",
        "rev": "beb205f347d676ec3dc6e6d13793a7c814f0a417",
        "type": "github"
      },
      "original": {
        "owner": "rust-lang",
        "ref": "nightly",
        "repo": "rust-analyzer",
        "type": "github"
      }
    },
    "systems": {
      "locked": {
        "lastModified": 1681028828,
        "narHash": "sha256-Vy1rq5AaRuLzOxct8nz4T6wlgyUR7zLU309k9mBC768=",
        "owner": "nix-systems",
        "repo": "default",
        "rev": "da67096a3b9bf56a91d16901293e51ba5b49a27e",
        "type": "github"
      },
      "original": {
        "owner": "nix-systems",
        "repo": "default",
        "type": "github"
      }
    }
  },
  "root": "root",
  "version": 7
}
